
Microsoft Visual Studio Solution File, Format Version 12.00
# Visual Studio Version 16
VisualStudioVersion = 16.0.29411.108
MinimumVisualStudioVersion = 10.0.40219.1
Project("{FAE04EC0-301F-11D3-BF4B-00C04F79EFBC}") = "Coffee Kiara", "Coffee Kiara\Coffee Kiara.csproj", "{7ADF068A-6BF3-4680-8139-4A9969404E5F}"
EndProject
Global
	GlobalSection(SolutionConfigurationPlatforms) = preSolution
		Debug|Any CPU = Debug|Any CPU
		Release|Any CPU = Release|Any CPU
	EndGlobalSection
	GlobalSection(ProjectConfigurationPlatforms) = postSolution
		{7ADF068A-6BF3-4680-8139-4A9969404E5F}.Debug|Any CPU.ActiveCfg = Debug|Any CPU
		{7ADF068A-6BF3-4680-8139-4A9969404E5F}.Debug|Any CPU.Build.0 = Debug|Any CPU
		{7ADF068A-6BF3-4680-8139-4A9969404E5F}.Release|Any CPU.ActiveCfg = Release|Any CPU
		{7ADF068A-6BF3-4680-8139-4A9969404E5F}.Release|Any CPU.Build.0 = Release|Any CPU
	EndGlobalSection
	GlobalSection(SolutionProperties) = preSolution
		HideSolutionNode = FALSE
	EndGlobalSection
	GlobalSection(ExtensibilityGlobals) = postSolution
		SolutionGuid = {7F34EA8A-8D46-40FD-A810-123C176739CB}
	EndGlobalSection
EndGlobal
